
Microsoft Visual Studio Solution File, Format Version 12.00
# Visual Studio 15
Project("{FAE04EC0-301F-11D3-BF4B-00C04F79EFBC}") = "Unity.2D.Tilemap.Editor", "Unity.2D.Tilemap.Editor.csproj", "{AD81AE92-DA79-2B6B-81EB-8694C747AEBC}"
EndProject
Project("{FAE04EC0-301F-11D3-BF4B-00C04F79EFBC}") = "UnityEditor.UI", "UnityEditor.UI.csproj", "{32439CE7-97BA-A751-D52B-22D6A3F5034A}"
EndProject
Project("{FAE04EC0-301F-11D3-BF4B-00C04F79EFBC}") = "UnityEngine.UI", "UnityEngine.UI.csproj", "{1A9A2132-9E98-7573-258D-AC7B232D1DCB}"
EndProject
Project("{FAE04EC0-301F-11D3-BF4B-00C04F79EFBC}") = "Meryel.CodeAssist.Editor", "Meryel.CodeAssist.Editor.csproj", "{C2D86844-B7FF-3040-3F66-3FEDED1CE48D}"
EndProject
Project("{FAE04EC0-301F-11D3-BF4B-00C04F79EFBC}") = "Assembly-CSharp", "Assembly-CSharp.csproj", "{9204D464-F838-1389-67CE-58CAD3EC970A}"
EndProject
Project("{FAE04EC0-301F-11D3-BF4B-00C04F79EFBC}") = "Unity.2D.Sprite.Editor", "Unity.2D.Sprite.Editor.csproj", "{D5B7C781-FF6C-DC58-5977-96D6B199A2E3}"
EndProject
Global
	GlobalSection(SolutionConfigurationPlatforms) = preSolution
		Debug|Any CPU = Debug|Any CPU
		Release|Any CPU = Release|Any CPU
	EndGlobalSection
	GlobalSection(ProjectConfigurationPlatforms) = postSolution
		{AD81AE92-DA79-2B6B-81EB-8694C747AEBC}.Debug|Any CPU.ActiveCfg = Debug|Any CPU
		{AD81AE92-DA79-2B6B-81EB-8694C747AEBC}.Debug|Any CPU.Build.0 = Debug|Any CPU
		{AD81AE92-DA79-2B6B-81EB-8694C747AEBC}.Release|Any CPU.ActiveCfg = Release|Any CPU
		{AD81AE92-DA79-2B6B-81EB-8694C747AEBC}.Release|Any CPU.Build.0 = Release|Any CPU
		{32439CE7-97BA-A751-D52B-22D6A3F5034A}.Debug|Any CPU.ActiveCfg = Debug|Any CPU
		{32439CE7-97BA-A751-D52B-22D6A3F5034A}.Debug|Any CPU.Build.0 = Debug|Any CPU
		{32439CE7-97BA-A751-D52B-22D6A3F5034A}.Release|Any CPU.ActiveCfg = Release|Any CPU
		{32439CE7-97BA-A751-D52B-22D6A3F5034A}.Release|Any CPU.Build.0 = Release|Any CPU
		{1A9A2132-9E98-7573-258D-AC7B232D1DCB}.Debug|Any CPU.ActiveCfg = Debug|Any CPU
		{1A9A2132-9E98-7573-258D-AC7B232D1DCB}.Debug|Any CPU.Build.0 = Debug|Any CPU
		{1A9A2132-9E98-7573-258D-AC7B232D1DCB}.Release|Any CPU.ActiveCfg = Release|Any CPU
		{1A9A2132-9E98-7573-258D-AC7B232D1DCB}.Release|Any CPU.Build.0 = Release|Any CPU
		{C2D86844-B7FF-3040-3F66-3FEDED1CE48D}.Debug|Any CPU.ActiveCfg = Debug|Any CPU
		{C2D86844-B7FF-3040-3F66-3FEDED1CE48D}.Debug|Any CPU.Build.0 = Debug|Any CPU
		{C2D86844-B7FF-3040-3F66-3FEDED1CE48D}.Release|Any CPU.ActiveCfg = Release|Any CPU
		{C2D86844-B7FF-3040-3F66-3FEDED1CE48D}.Release|Any CPU.Build.0 = Release|Any CPU
		{9204D464-F838-1389-67CE-58CAD3EC970A}.Debug|Any CPU.ActiveCfg = Debug|Any CPU
		{9204D464-F838-1389-67CE-58CAD3EC970A}.Debug|Any CPU.Build.0 = Debug|Any CPU
		{9204D464-F838-1389-67CE-58CAD3EC970A}.Release|Any CPU.ActiveCfg = Release|Any CPU
		{9204D464-F838-1389-67CE-58CAD3EC970A}.Release|Any CPU.Build.0 = Release|Any CPU
		{D5B7C781-FF6C-DC58-5977-96D6B199A2E3}.Debug|Any CPU.ActiveCfg = Debug|Any CPU
		{D5B7C781-FF6C-DC58-5977-96D6B199A2E3}.Debug|Any CPU.Build.0 = Debug|Any CPU
		{D5B7C781-FF6C-DC58-5977-96D6B199A2E3}.Release|Any CPU.ActiveCfg = Release|Any CPU
		{D5B7C781-FF6C-DC58-5977-96D6B199A2E3}.Release|Any CPU.Build.0 = Release|Any CPU
	EndGlobalSection
	GlobalSection(SolutionProperties) = preSolution
		HideSolutionNode = FALSE
	EndGlobalSection
EndGlobal
